
Microsoft Visual Studio Solution File, Format Version 12.00
# Visual Studio Version 17
VisualStudioVersion = 17.11.35327.3
MinimumVisualStudioVersion = 10.0.40219.1
Project("{FAE04EC0-301F-11D3-BF4B-00C04F79EFBC}") = "web_app_mensajes_ws", "web_app_mensajes_ws\web_app_mensajes_ws.csproj", "{11F66CBD-8A83-46F5-A6E4-8BF196868457}"
EndProject
Project("{FAE04EC0-301F-11D3-BF4B-00C04F79EFBC}") = "datos", "datos\datos.csproj", "{46713FF5-EEDF-4C46-8ED3-A5AF772CF52B}"
EndProject
Project("{FAE04EC0-301F-11D3-BF4B-00C04F79EFBC}") = "web_app_mensajes", "web_app_mensajes\web_app_mensajes.csproj", "{593E8964-90E4-4A4A-8C70-496D010AA1BC}"
EndProject
Project("{FAE04EC0-301F-11D3-BF4B-00C04F79EFBC}") = "ConsoleApp1", "ConsoleApp1\ConsoleApp1\ConsoleApp1.csproj", "{49D76D21-873C-44B3-AE69-C779C8760442}"
EndProject
Project("{9A19103F-16F7-4668-BE54-9A1E7A4F7556}") = "BlazorApp_WhatsApp", "BlazorApp_WhatsApp\BlazorApp_WhatsApp.csproj", "{3DF61FF5-12A2-4FE9-B4CC-60F4C6C5EAD3}"
EndProject
Project("{FAE04EC0-301F-11D3-BF4B-00C04F79EFBC}") = "BlazorApp_API", "BlazorApp_API\BlazorApp_API.csproj", "{484BBC63-26FE-404C-A9BA-B995A678A640}"
EndProject
Global
	GlobalSection(SolutionConfigurationPlatforms) = preSolution
		Debug|Any CPU = Debug|Any CPU
		Release|Any CPU = Release|Any CPU
	EndGlobalSection
	GlobalSection(ProjectConfigurationPlatforms) = postSolution
		{11F66CBD-8A83-46F5-A6E4-8BF196868457}.Debug|Any CPU.ActiveCfg = Debug|Any CPU
		{11F66CBD-8A83-46F5-A6E4-8BF196868457}.Debug|Any CPU.Build.0 = Debug|Any CPU
		{11F66CBD-8A83-46F5-A6E4-8BF196868457}.Release|Any CPU.ActiveCfg = Release|Any CPU
		{11F66CBD-8A83-46F5-A6E4-8BF196868457}.Release|Any CPU.Build.0 = Release|Any CPU
		{46713FF5-EEDF-4C46-8ED3-A5AF772CF52B}.Debug|Any CPU.ActiveCfg = Debug|Any CPU
		{46713FF5-EEDF-4C46-8ED3-A5AF772CF52B}.Debug|Any CPU.Build.0 = Debug|Any CPU
		{46713FF5-EEDF-4C46-8ED3-A5AF772CF52B}.Release|Any CPU.ActiveCfg = Release|Any CPU
		{46713FF5-EEDF-4C46-8ED3-A5AF772CF52B}.Release|Any CPU.Build.0 = Release|Any CPU
		{593E8964-90E4-4A4A-8C70-496D010AA1BC}.Debug|Any CPU.ActiveCfg = Debug|Any CPU
		{593E8964-90E4-4A4A-8C70-496D010AA1BC}.Debug|Any CPU.Build.0 = Debug|Any CPU
		{593E8964-90E4-4A4A-8C70-496D010AA1BC}.Release|Any CPU.ActiveCfg = Release|Any CPU
		{593E8964-90E4-4A4A-8C70-496D010AA1BC}.Release|Any CPU.Build.0 = Release|Any CPU
		{49D76D21-873C-44B3-AE69-C779C8760442}.Debug|Any CPU.ActiveCfg = Debug|Any CPU
		{49D76D21-873C-44B3-AE69-C779C8760442}.Debug|Any CPU.Build.0 = Debug|Any CPU
		{49D76D21-873C-44B3-AE69-C779C8760442}.Release|Any CPU.ActiveCfg = Release|Any CPU
		{49D76D21-873C-44B3-AE69-C779C8760442}.Release|Any CPU.Build.0 = Release|Any CPU
		{3DF61FF5-12A2-4FE9-B4CC-60F4C6C5EAD3}.Debug|Any CPU.ActiveCfg = Debug|Any CPU
		{3DF61FF5-12A2-4FE9-B4CC-60F4C6C5EAD3}.Debug|Any CPU.Build.0 = Debug|Any CPU
		{3DF61FF5-12A2-4FE9-B4CC-60F4C6C5EAD3}.Release|Any CPU.ActiveCfg = Release|Any CPU
		{3DF61FF5-12A2-4FE9-B4CC-60F4C6C5EAD3}.Release|Any CPU.Build.0 = Release|Any CPU
		{484BBC63-26FE-404C-A9BA-B995A678A640}.Debug|Any CPU.ActiveCfg = Debug|Any CPU
		{484BBC63-26FE-404C-A9BA-B995A678A640}.Debug|Any CPU.Build.0 = Debug|Any CPU
		{484BBC63-26FE-404C-A9BA-B995A678A640}.Release|Any CPU.ActiveCfg = Release|Any CPU
		{484BBC63-26FE-404C-A9BA-B995A678A640}.Release|Any CPU.Build.0 = Release|Any CPU
	EndGlobalSection
	GlobalSection(SolutionProperties) = preSolution
		HideSolutionNode = FALSE
	EndGlobalSection
	GlobalSection(ExtensibilityGlobals) = postSolution
		SolutionGuid = {BCE1BD16-51C3-4A80-9771-63834D403477}
	EndGlobalSection
EndGlobal
